
Microsoft Visual Studio Solution File, Format Version 12.00
# Visual Studio Version 17
VisualStudioVersion = 17.7.34024.191
MinimumVisualStudioVersion = 10.0.40219.1
Project("{FAE04EC0-301F-11D3-BF4B-00C04F79EFBC}") = "ProyectoGimnasio", "ProyectoGimnasio\ProyectoGimnasio.csproj", "{B2108077-B645-4AB7-9526-8E738D9D124A}"
EndProject
Global
	GlobalSection(SolutionConfigurationPlatforms) = preSolution
		Debug|Any CPU = Debug|Any CPU
		Release|Any CPU = Release|Any CPU
	EndGlobalSection
	GlobalSection(ProjectConfigurationPlatforms) = postSolution
		{B2108077-B645-4AB7-9526-8E738D9D124A}.Debug|Any CPU.ActiveCfg = Debug|Any CPU
		{B2108077-B645-4AB7-9526-8E738D9D124A}.Debug|Any CPU.Build.0 = Debug|Any CPU
		{B2108077-B645-4AB7-9526-8E738D9D124A}.Release|Any CPU.ActiveCfg = Release|Any CPU
		{B2108077-B645-4AB7-9526-8E738D9D124A}.Release|Any CPU.Build.0 = Release|Any CPU
	EndGlobalSection
	GlobalSection(SolutionProperties) = preSolution
		HideSolutionNode = FALSE
	EndGlobalSection
	GlobalSection(ExtensibilityGlobals) = postSolution
		SolutionGuid = {B5387DCE-7198-45E8-8FAB-6CD2F8EBE008}
	EndGlobalSection
EndGlobal
